
Microsoft Visual Studio Solution File, Format Version 11.00
# Visual Studio 2010
Project("{FAE04EC0-301F-11D3-BF4B-00C04F79EFBC}") = "SimpleWebTransport", "SimpleWebTransport.csproj", "{959988cb-2ffc-fc6d-0ec3-132acb965bd3}"
EndProject
Project("{FAE04EC0-301F-11D3-BF4B-00C04F79EFBC}") = "Mirror", "Mirror.csproj", "{2c6ded31-46d7-0d34-76d2-4b96fa3806fc}"
EndProject
Project("{FAE04EC0-301F-11D3-BF4B-00C04F79EFBC}") = "Telepathy", "Telepathy.csproj", "{6b7d9f7b-f060-6570-d13b-079f094bef11}"
EndProject
Project("{FAE04EC0-301F-11D3-BF4B-00C04F79EFBC}") = "Mirror.Cloud", "Mirror.Cloud.csproj", "{d06678bc-4725-6ad7-b2b1-a7c8aa4eaeeb}"
EndProject
Project("{FAE04EC0-301F-11D3-BF4B-00C04F79EFBC}") = "Mirror.Components", "Mirror.Components.csproj", "{61abe90b-d257-482a-8e59-733f8c65f357}"
EndProject
Project("{FAE04EC0-301F-11D3-BF4B-00C04F79EFBC}") = "Mirror.Examples", "Mirror.Examples.csproj", "{b77d5a02-ab7e-013e-7343-f8ffd6adae16}"
EndProject
Project("{FAE04EC0-301F-11D3-BF4B-00C04F79EFBC}") = "Mirror.Examples.Cloud.GUI", "Mirror.Examples.Cloud.GUI.csproj", "{8330cc75-ccd6-a7ec-5ae5-0db16b498bc7}"
EndProject
Project("{FAE04EC0-301F-11D3-BF4B-00C04F79EFBC}") = "kcp2k", "kcp2k.csproj", "{eeb42b2a-9267-4062-0a0a-9b14764cd02c}"
EndProject
Project("{FAE04EC0-301F-11D3-BF4B-00C04F79EFBC}") = "Mirror.Examples.Cloud.Pong", "Mirror.Examples.Cloud.Pong.csproj", "{5e1b307e-1603-1414-dd35-ec0eb865e628}"
EndProject
Project("{FAE04EC0-301F-11D3-BF4B-00C04F79EFBC}") = "Mirror.Authenticators", "Mirror.Authenticators.csproj", "{d2c1ba02-fb19-8555-efe9-0cb298c87c9e}"
EndProject
Project("{FAE04EC0-301F-11D3-BF4B-00C04F79EFBC}") = "Assembly-CSharp", "Assembly-CSharp.csproj", "{39229cbd-17b0-9825-7da3-499e99771840}"
EndProject
Project("{FAE04EC0-301F-11D3-BF4B-00C04F79EFBC}") = "Mirror.example.RigidbodyPhysics", "Mirror.example.RigidbodyPhysics.csproj", "{05a119d9-a2d4-075e-f578-2e7fc09c8e6b}"
EndProject
Project("{FAE04EC0-301F-11D3-BF4B-00C04F79EFBC}") = "Mirror.Weaver", "Mirror.Weaver.csproj", "{dbbac3f5-0fd7-fdfa-7678-38c534a14277}"
EndProject
Project("{FAE04EC0-301F-11D3-BF4B-00C04F79EFBC}") = "Mirror.Editor", "Mirror.Editor.csproj", "{ac9df4b2-0652-c284-e8df-af9a096835d5}"
EndProject
Project("{FAE04EC0-301F-11D3-BF4B-00C04F79EFBC}") = "Mirror.CompilerSymbols", "Mirror.CompilerSymbols.csproj", "{45ea88ed-fbee-f8f5-a2a7-f6247e520113}"
EndProject
Global
	GlobalSection(SolutionConfigurationPlatforms) = preSolution
		Debug|Any CPU = Debug|Any CPU
	EndGlobalSection
	GlobalSection(ProjectConfigurationPlatforms) = postSolution
		{959988cb-2ffc-fc6d-0ec3-132acb965bd3}.Debug|Any CPU.ActiveCfg = Debug|Any CPU
		{959988cb-2ffc-fc6d-0ec3-132acb965bd3}.Debug|Any CPU.Build.0 = Debug|Any CPU
		{2c6ded31-46d7-0d34-76d2-4b96fa3806fc}.Debug|Any CPU.ActiveCfg = Debug|Any CPU
		{2c6ded31-46d7-0d34-76d2-4b96fa3806fc}.Debug|Any CPU.Build.0 = Debug|Any CPU
		{6b7d9f7b-f060-6570-d13b-079f094bef11}.Debug|Any CPU.ActiveCfg = Debug|Any CPU
		{6b7d9f7b-f060-6570-d13b-079f094bef11}.Debug|Any CPU.Build.0 = Debug|Any CPU
		{d06678bc-4725-6ad7-b2b1-a7c8aa4eaeeb}.Debug|Any CPU.ActiveCfg = Debug|Any CPU
		{d06678bc-4725-6ad7-b2b1-a7c8aa4eaeeb}.Debug|Any CPU.Build.0 = Debug|Any CPU
		{61abe90b-d257-482a-8e59-733f8c65f357}.Debug|Any CPU.ActiveCfg = Debug|Any CPU
		{61abe90b-d257-482a-8e59-733f8c65f357}.Debug|Any CPU.Build.0 = Debug|Any CPU
		{b77d5a02-ab7e-013e-7343-f8ffd6adae16}.Debug|Any CPU.ActiveCfg = Debug|Any CPU
		{b77d5a02-ab7e-013e-7343-f8ffd6adae16}.Debug|Any CPU.Build.0 = Debug|Any CPU
		{8330cc75-ccd6-a7ec-5ae5-0db16b498bc7}.Debug|Any CPU.ActiveCfg = Debug|Any CPU
		{8330cc75-ccd6-a7ec-5ae5-0db16b498bc7}.Debug|Any CPU.Build.0 = Debug|Any CPU
		{eeb42b2a-9267-4062-0a0a-9b14764cd02c}.Debug|Any CPU.ActiveCfg = Debug|Any CPU
		{eeb42b2a-9267-4062-0a0a-9b14764cd02c}.Debug|Any CPU.Build.0 = Debug|Any CPU
		{5e1b307e-1603-1414-dd35-ec0eb865e628}.Debug|Any CPU.ActiveCfg = Debug|Any CPU
		{5e1b307e-1603-1414-dd35-ec0eb865e628}.Debug|Any CPU.Build.0 = Debug|Any CPU
		{d2c1ba02-fb19-8555-efe9-0cb298c87c9e}.Debug|Any CPU.ActiveCfg = Debug|Any CPU
		{d2c1ba02-fb19-8555-efe9-0cb298c87c9e}.Debug|Any CPU.Build.0 = Debug|Any CPU
		{39229cbd-17b0-9825-7da3-499e99771840}.Debug|Any CPU.ActiveCfg = Debug|Any CPU
		{39229cbd-17b0-9825-7da3-499e99771840}.Debug|Any CPU.Build.0 = Debug|Any CPU
		{05a119d9-a2d4-075e-f578-2e7fc09c8e6b}.Debug|Any CPU.ActiveCfg = Debug|Any CPU
		{05a119d9-a2d4-075e-f578-2e7fc09c8e6b}.Debug|Any CPU.Build.0 = Debug|Any CPU
		{dbbac3f5-0fd7-fdfa-7678-38c534a14277}.Debug|Any CPU.ActiveCfg = Debug|Any CPU
		{dbbac3f5-0fd7-fdfa-7678-38c534a14277}.Debug|Any CPU.Build.0 = Debug|Any CPU
		{ac9df4b2-0652-c284-e8df-af9a096835d5}.Debug|Any CPU.ActiveCfg = Debug|Any CPU
		{ac9df4b2-0652-c284-e8df-af9a096835d5}.Debug|Any CPU.Build.0 = Debug|Any CPU
		{45ea88ed-fbee-f8f5-a2a7-f6247e520113}.Debug|Any CPU.ActiveCfg = Debug|Any CPU
		{45ea88ed-fbee-f8f5-a2a7-f6247e520113}.Debug|Any CPU.Build.0 = Debug|Any CPU
	EndGlobalSection
	GlobalSection(SolutionProperties) = preSolution
		HideSolutionNode = FALSE
	EndGlobalSection
EndGlobal
